
Microsoft Visual Studio Solution File, Format Version 12.00
# Visual Studio Version 17
VisualStudioVersion = 17.13.35931.197 d17.13
MinimumVisualStudioVersion = 10.0.40219.1
Project("{FAE04EC0-301F-11D3-BF4B-00C04F79EFBC}") = "WpfProjektWirtualnyTaksometr", "WpfProjektWirtualnyTaksometr\WpfProjektWirtualnyTaksometr.csproj", "{EC75723E-4F09-4886-BA47-CF22CFCC0413}"
EndProject
Global
	GlobalSection(SolutionConfigurationPlatforms) = preSolution
		Debug|Any CPU = Debug|Any CPU
		Release|Any CPU = Release|Any CPU
	EndGlobalSection
	GlobalSection(ProjectConfigurationPlatforms) = postSolution
		{EC75723E-4F09-4886-BA47-CF22CFCC0413}.Debug|Any CPU.ActiveCfg = Debug|Any CPU
		{EC75723E-4F09-4886-BA47-CF22CFCC0413}.Debug|Any CPU.Build.0 = Debug|Any CPU
		{EC75723E-4F09-4886-BA47-CF22CFCC0413}.Release|Any CPU.ActiveCfg = Release|Any CPU
		{EC75723E-4F09-4886-BA47-CF22CFCC0413}.Release|Any CPU.Build.0 = Release|Any CPU
	EndGlobalSection
	GlobalSection(SolutionProperties) = preSolution
		HideSolutionNode = FALSE
	EndGlobalSection
	GlobalSection(ExtensibilityGlobals) = postSolution
		SolutionGuid = {0F8852C9-3C44-4435-861E-73AF84DD5956}
	EndGlobalSection
EndGlobal
